
Microsoft Visual Studio Solution File, Format Version 12.00
# Visual Studio Version 17
VisualStudioVersion = 17.6.33723.286
MinimumVisualStudioVersion = 10.0.40219.1
Project("{9A19103F-16F7-4668-BE54-9A1E7A4F7556}") = "Insightinator.API", "Insightinator.API\Insightinator.API.csproj", "{C8A05BA2-D6CE-449B-83DD-2CD6C47DCE14}"
EndProject
Project("{FAE04EC0-301F-11D3-BF4B-00C04F79EFBC}") = "Insightinator.Web", "Insightinator.Web\Insightinator.Web.csproj", "{FFE9AD53-6E97-4A65-A889-63B4540465D7}"
EndProject
Global
	GlobalSection(SolutionConfigurationPlatforms) = preSolution
		Debug|Any CPU = Debug|Any CPU
		Release|Any CPU = Release|Any CPU
	EndGlobalSection
	GlobalSection(ProjectConfigurationPlatforms) = postSolution
		{C8A05BA2-D6CE-449B-83DD-2CD6C47DCE14}.Debug|Any CPU.ActiveCfg = Debug|Any CPU
		{C8A05BA2-D6CE-449B-83DD-2CD6C47DCE14}.Debug|Any CPU.Build.0 = Debug|Any CPU
		{C8A05BA2-D6CE-449B-83DD-2CD6C47DCE14}.Release|Any CPU.ActiveCfg = Release|Any CPU
		{C8A05BA2-D6CE-449B-83DD-2CD6C47DCE14}.Release|Any CPU.Build.0 = Release|Any CPU
		{FFE9AD53-6E97-4A65-A889-63B4540465D7}.Debug|Any CPU.ActiveCfg = Debug|Any CPU
		{FFE9AD53-6E97-4A65-A889-63B4540465D7}.Debug|Any CPU.Build.0 = Debug|Any CPU
		{FFE9AD53-6E97-4A65-A889-63B4540465D7}.Release|Any CPU.ActiveCfg = Release|Any CPU
		{FFE9AD53-6E97-4A65-A889-63B4540465D7}.Release|Any CPU.Build.0 = Release|Any CPU
	EndGlobalSection
	GlobalSection(SolutionProperties) = preSolution
		HideSolutionNode = FALSE
	EndGlobalSection
	GlobalSection(ExtensibilityGlobals) = postSolution
		SolutionGuid = {B1530B84-CDF8-4E23-950E-FD8D984F9DED}
	EndGlobalSection
EndGlobal
